// !$*UTF8*$!
{
	archiveVersion = 1;
	classes = {
	};
	objectVersion = 51;
	objects = {

/* Begin PBXBuildFile section */
		403356D52477A46800CE8BE8 /* LoginViewController.swift in Sources */ = {isa = PBXBuildFile; fileRef = 403356D42477A46800CE8BE8 /* LoginViewController.swift */; };
		403356D72477A47200CE8BE8 /* RegisterViewController.swift in Sources */ = {isa = PBXBuildFile; fileRef = 403356D62477A47200CE8BE8 /* RegisterViewController.swift */; };
		403356D92477A47900CE8BE8 /* HomeViewController.swift in Sources */ = {isa = PBXBuildFile; fileRef = 403356D82477A47900CE8BE8 /* HomeViewController.swift */; };
		403356DB2477A9A900CE8BE8 /* CoreAPI.swift in Sources */ = {isa = PBXBuildFile; fileRef = 403356DA2477A9A900CE8BE8 /* CoreAPI.swift */; };
		403B20922477AA200037466F /* UIButtonExtension.swift in Sources */ = {isa = PBXBuildFile; fileRef = 403B20802477AA200037466F /* UIButtonExtension.swift */; };
		403B20932477AA200037466F /* UIColorExtension.swift in Sources */ = {isa = PBXBuildFile; fileRef = 403B20812477AA200037466F /* UIColorExtension.swift */; };
		403B20942477AA200037466F /* ARSLineProgressHelpers.swift in Sources */ = {isa = PBXBuildFile; fileRef = 403B20832477AA200037466F /* ARSLineProgressHelpers.swift */; };
		403B20952477AA200037466F /* ARSLineProgressTypeAliases.swift in Sources */ = {isa = PBXBuildFile; fileRef = 403B20842477AA200037466F /* ARSLineProgressTypeAliases.swift */; };
		403B20962477AA200037466F /* ARSInfiniteLoader.swift in Sources */ = {isa = PBXBuildFile; fileRef = 403B20852477AA200037466F /* ARSInfiniteLoader.swift */; };
		403B20972477AA200037466F /* ARSLineProgressConstants.swift in Sources */ = {isa = PBXBuildFile; fileRef = 403B20862477AA200037466F /* ARSLineProgressConstants.swift */; };
		403B20982477AA200037466F /* ARSLineProgress.swift in Sources */ = {isa = PBXBuildFile; fileRef = 403B20872477AA200037466F /* ARSLineProgress.swift */; };
		403B20992477AA200037466F /* ARSLineProgressExtensions.swift in Sources */ = {isa = PBXBuildFile; fileRef = 403B20882477AA200037466F /* ARSLineProgressExtensions.swift */; };
		403B209A2477AA200037466F /* ARSLineProgressCustomization.swift in Sources */ = {isa = PBXBuildFile; fileRef = 403B20892477AA200037466F /* ARSLineProgressCustomization.swift */; };
		403B209B2477AA200037466F /* ARSStatus.swift in Sources */ = {isa = PBXBuildFile; fileRef = 403B208A2477AA200037466F /* ARSStatus.swift */; };
		403B209C2477AA200037466F /* ARSProgressLoader.swift in Sources */ = {isa = PBXBuildFile; fileRef = 403B208B2477AA200037466F /* ARSProgressLoader.swift */; };
		403B209D2477AA200037466F /* ARSLineProgressProtocols.swift in Sources */ = {isa = PBXBuildFile; fileRef = 403B208C2477AA200037466F /* ARSLineProgressProtocols.swift */; };
		403B209E2477AA200037466F /* UIViewControllerExtension.swift in Sources */ = {isa = PBXBuildFile; fileRef = 403B208D2477AA200037466F /* UIViewControllerExtension.swift */; };
		403B209F2477AA200037466F /* BundleExtension.swift in Sources */ = {isa = PBXBuildFile; fileRef = 403B208E2477AA200037466F /* BundleExtension.swift */; };
		403B20A02477AA200037466F /* UIViewExtension.swift in Sources */ = {isa = PBXBuildFile; fileRef = 403B208F2477AA200037466F /* UIViewExtension.swift */; };
		403B20A12477AA200037466F /* ENVManager.swift in Sources */ = {isa = PBXBuildFile; fileRef = 403B20902477AA200037466F /* ENVManager.swift */; };
		403B20A22477AA200037466F /* Defaults.swift in Sources */ = {isa = PBXBuildFile; fileRef = 403B20912477AA200037466F /* Defaults.swift */; };
		403B20A82477AACB0037466F /* AuthModel.swift in Sources */ = {isa = PBXBuildFile; fileRef = 403B20A72477AACB0037466F /* AuthModel.swift */; };
		4044812024771FE600225603 /* AppDelegate.swift in Sources */ = {isa = PBXBuildFile; fileRef = 4044811F24771FE600225603 /* AppDelegate.swift */; };
		4044812224771FE600225603 /* SceneDelegate.swift in Sources */ = {isa = PBXBuildFile; fileRef = 4044812124771FE600225603 /* SceneDelegate.swift */; };
		4044812724771FE600225603 /* Main.storyboard in Resources */ = {isa = PBXBuildFile; fileRef = 4044812524771FE600225603 /* Main.storyboard */; };
		4044812924771FE800225603 /* Assets.xcassets in Resources */ = {isa = PBXBuildFile; fileRef = 4044812824771FE800225603 /* Assets.xcassets */; };
		4044812C24771FE800225603 /* LaunchScreen.storyboard in Resources */ = {isa = PBXBuildFile; fileRef = 4044812A24771FE800225603 /* LaunchScreen.storyboard */; };
		4044813724771FE800225603 /* StripeExampleTests.swift in Sources */ = {isa = PBXBuildFile; fileRef = 4044813624771FE800225603 /* StripeExampleTests.swift */; };
		4044814224771FE800225603 /* StripeExampleUITests.swift in Sources */ = {isa = PBXBuildFile; fileRef = 4044814124771FE800225603 /* StripeExampleUITests.swift */; };
		40F6DB21247724FD004C8A1E /* API.swift in Sources */ = {isa = PBXBuildFile; fileRef = 40F6DB20247724FD004C8A1E /* API.swift */; };
		9562BD6215830A4A4D852FB5 /* Pods_StripeExample.framework in Frameworks */ = {isa = PBXBuildFile; fileRef = 7F5953D84ACF8F3F870A7332 /* Pods_StripeExample.framework */; };
/* End PBXBuildFile section */

/* Begin PBXContainerItemProxy section */
		4044813324771FE800225603 /* PBXContainerItemProxy */ = {
			isa = PBXContainerItemProxy;
			containerPortal = 4044811424771FE600225603 /* Project object */;
			proxyType = 1;
			remoteGlobalIDString = 4044811B24771FE600225603;
			remoteInfo = StripeExample;
		};
		4044813E24771FE800225603 /* PBXContainerItemProxy */ = {
			isa = PBXContainerItemProxy;
			containerPortal = 4044811424771FE600225603 /* Project object */;
			proxyType = 1;
			remoteGlobalIDString = 4044811B24771FE600225603;
			remoteInfo = StripeExample;
		};
/* End PBXContainerItemProxy section */

/* Begin PBXFileReference section */
		0A7B81C4BA6D08896275C639 /* Pods-StripeExample.release.xcconfig */ = {isa = PBXFileReference; includeInIndex = 1; lastKnownFileType = text.xcconfig; name = "Pods-StripeExample.release.xcconfig"; path = "Target Support Files/Pods-StripeExample/Pods-StripeExample.release.xcconfig"; sourceTree = "<group>"; };
		403356D42477A46800CE8BE8 /* LoginViewController.swift */ = {isa = PBXFileReference; lastKnownFileType = sourcecode.swift; path = LoginViewController.swift; sourceTree = "<group>"; };
		403356D62477A47200CE8BE8 /* RegisterViewController.swift */ = {isa = PBXFileReference; lastKnownFileType = sourcecode.swift; path = RegisterViewController.swift; sourceTree = "<group>"; };
		403356D82477A47900CE8BE8 /* HomeViewController.swift */ = {isa = PBXFileReference; lastKnownFileType = sourcecode.swift; path = HomeViewController.swift; sourceTree = "<group>"; };
		403356DA2477A9A900CE8BE8 /* CoreAPI.swift */ = {isa = PBXFileReference; lastKnownFileType = sourcecode.swift; path = CoreAPI.swift; sourceTree = "<group>"; };
		403B20802477AA200037466F /* UIButtonExtension.swift */ = {isa = PBXFileReference; fileEncoding = 4; lastKnownFileType = sourcecode.swift; path = UIButtonExtension.swift; sourceTree = "<group>"; };
		403B20812477AA200037466F /* UIColorExtension.swift */ = {isa = PBXFileReference; fileEncoding = 4; lastKnownFileType = sourcecode.swift; path = UIColorExtension.swift; sourceTree = "<group>"; };
		403B20832477AA200037466F /* ARSLineProgressHelpers.swift */ = {isa = PBXFileReference; fileEncoding = 4; lastKnownFileType = sourcecode.swift; path = ARSLineProgressHelpers.swift; sourceTree = "<group>"; };
		403B20842477AA200037466F /* ARSLineProgressTypeAliases.swift */ = {isa = PBXFileReference; fileEncoding = 4; lastKnownFileType = sourcecode.swift; path = ARSLineProgressTypeAliases.swift; sourceTree = "<group>"; };
		403B20852477AA200037466F /* ARSInfiniteLoader.swift */ = {isa = PBXFileReference; fileEncoding = 4; lastKnownFileType = sourcecode.swift; path = ARSInfiniteLoader.swift; sourceTree = "<group>"; };
		403B20862477AA200037466F /* ARSLineProgressConstants.swift */ = {isa = PBXFileReference; fileEncoding = 4; lastKnownFileType = sourcecode.swift; path = ARSLineProgressConstants.swift; sourceTree = "<group>"; };
		403B20872477AA200037466F /* ARSLineProgress.swift */ = {isa = PBXFileReference; fileEncoding = 4; lastKnownFileType = sourcecode.swift; path = ARSLineProgress.swift; sourceTree = "<group>"; };
		403B20882477AA200037466F /* ARSLineProgressExtensions.swift */ = {isa = PBXFileReference; fileEncoding = 4; lastKnownFileType = sourcecode.swift; path = ARSLineProgressExtensions.swift; sourceTree = "<group>"; };
		403B20892477AA200037466F /* ARSLineProgressCustomization.swift */ = {isa = PBXFileReference; fileEncoding = 4; lastKnownFileType = sourcecode.swift; path = ARSLineProgressCustomization.swift; sourceTree = "<group>"; };
		403B208A2477AA200037466F /* ARSStatus.swift */ = {isa = PBXFileReference; fileEncoding = 4; lastKnownFileType = sourcecode.swift; path = ARSStatus.swift; sourceTree = "<group>"; };
		403B208B2477AA200037466F /* ARSProgressLoader.swift */ = {isa = PBXFileReference; fileEncoding = 4; lastKnownFileType = sourcecode.swift; path = ARSProgressLoader.swift; sourceTree = "<group>"; };
		403B208C2477AA200037466F /* ARSLineProgressProtocols.swift */ = {isa = PBXFileReference; fileEncoding = 4; lastKnownFileType = sourcecode.swift; path = ARSLineProgressProtocols.swift; sourceTree = "<group>"; };
		403B208D2477AA200037466F /* UIViewControllerExtension.swift */ = {isa = PBXFileReference; fileEncoding = 4; lastKnownFileType = sourcecode.swift; path = UIViewControllerExtension.swift; sourceTree = "<group>"; };
		403B208E2477AA200037466F /* BundleExtension.swift */ = {isa = PBXFileReference; fileEncoding = 4; lastKnownFileType = sourcecode.swift; path = BundleExtension.swift; sourceTree = "<group>"; };
		403B208F2477AA200037466F /* UIViewExtension.swift */ = {isa = PBXFileReference; fileEncoding = 4; lastKnownFileType = sourcecode.swift; path = UIViewExtension.swift; sourceTree = "<group>"; };
		403B20902477AA200037466F /* ENVManager.swift */ = {isa = PBXFileReference; fileEncoding = 4; lastKnownFileType = sourcecode.swift; path = ENVManager.swift; sourceTree = "<group>"; };
		403B20912477AA200037466F /* Defaults.swift */ = {isa = PBXFileReference; fileEncoding = 4; lastKnownFileType = sourcecode.swift; path = Defaults.swift; sourceTree = "<group>"; };
		403B20A72477AACB0037466F /* AuthModel.swift */ = {isa = PBXFileReference; lastKnownFileType = sourcecode.swift; path = AuthModel.swift; sourceTree = "<group>"; };
		4044811C24771FE600225603 /* StripeExample.app */ = {isa = PBXFileReference; explicitFileType = wrapper.application; includeInIndex = 0; path = StripeExample.app; sourceTree = BUILT_PRODUCTS_DIR; };
		4044811F24771FE600225603 /* AppDelegate.swift */ = {isa = PBXFileReference; lastKnownFileType = sourcecode.swift; path = AppDelegate.swift; sourceTree = "<group>"; };
		4044812124771FE600225603 /* SceneDelegate.swift */ = {isa = PBXFileReference; lastKnownFileType = sourcecode.swift; path = SceneDelegate.swift; sourceTree = "<group>"; };
		4044812624771FE600225603 /* Base */ = {isa = PBXFileReference; lastKnownFileType = file.storyboard; name = Base; path = Base.lproj/Main.storyboard; sourceTree = "<group>"; };
		4044812824771FE800225603 /* Assets.xcassets */ = {isa = PBXFileReference; lastKnownFileType = folder.assetcatalog; path = Assets.xcassets; sourceTree = "<group>"; };
		4044812B24771FE800225603 /* Base */ = {isa = PBXFileReference; lastKnownFileType = file.storyboard; name = Base; path = Base.lproj/LaunchScreen.storyboard; sourceTree = "<group>"; };
		4044812D24771FE800225603 /* Info.plist */ = {isa = PBXFileReference; lastKnownFileType = text.plist.xml; path = Info.plist; sourceTree = "<group>"; };
		4044813224771FE800225603 /* StripeExampleTests.xctest */ = {isa = PBXFileReference; explicitFileType = wrapper.cfbundle; includeInIndex = 0; path = StripeExampleTests.xctest; sourceTree = BUILT_PRODUCTS_DIR; };
		4044813624771FE800225603 /* StripeExampleTests.swift */ = {isa = PBXFileReference; lastKnownFileType = sourcecode.swift; path = StripeExampleTests.swift; sourceTree = "<group>"; };
		4044813824771FE800225603 /* Info.plist */ = {isa = PBXFileReference; lastKnownFileType = text.plist.xml; path = Info.plist; sourceTree = "<group>"; };
		4044813D24771FE800225603 /* StripeExampleUITests.xctest */ = {isa = PBXFileReference; explicitFileType = wrapper.cfbundle; includeInIndex = 0; path = StripeExampleUITests.xctest; sourceTree = BUILT_PRODUCTS_DIR; };
		4044814124771FE800225603 /* StripeExampleUITests.swift */ = {isa = PBXFileReference; lastKnownFileType = sourcecode.swift; path = StripeExampleUITests.swift; sourceTree = "<group>"; };
		4044814324771FE800225603 /* Info.plist */ = {isa = PBXFileReference; lastKnownFileType = text.plist.xml; path = Info.plist; sourceTree = "<group>"; };
		40F6DB20247724FD004C8A1E /* API.swift */ = {isa = PBXFileReference; lastKnownFileType = sourcecode.swift; path = API.swift; sourceTree = "<group>"; };
		7F5953D84ACF8F3F870A7332 /* Pods_StripeExample.framework */ = {isa = PBXFileReference; explicitFileType = wrapper.framework; includeInIndex = 0; path = Pods_StripeExample.framework; sourceTree = BUILT_PRODUCTS_DIR; };
		9AD71F205E75E6151EAC5C32 /* Pods-StripeExample.debug.xcconfig */ = {isa = PBXFileReference; includeInIndex = 1; lastKnownFileType = text.xcconfig; name = "Pods-StripeExample.debug.xcconfig"; path = "Target Support Files/Pods-StripeExample/Pods-StripeExample.debug.xcconfig"; sourceTree = "<group>"; };
/* End PBXFileReference section */

/* Begin PBXFrameworksBuildPhase section */
		4044811924771FE600225603 /* Frameworks */ = {
			isa = PBXFrameworksBuildPhase;
			buildActionMask = 2147483647;
			files = (
				9562BD6215830A4A4D852FB5 /* Pods_StripeExample.framework in Frameworks */,
			);
			runOnlyForDeploymentPostprocessing = 0;
		};
		4044812F24771FE800225603 /* Frameworks */ = {
			isa = PBXFrameworksBuildPhase;
			buildActionMask = 2147483647;
			files = (
			);
			runOnlyForDeploymentPostprocessing = 0;
		};
		4044813A24771FE800225603 /* Frameworks */ = {
			isa = PBXFrameworksBuildPhase;
			buildActionMask = 2147483647;
			files = (
			);
			runOnlyForDeploymentPostprocessing = 0;
		};
/* End PBXFrameworksBuildPhase section */

/* Begin PBXGroup section */
		092B3C90EDD71FC0B9947A2B /* Pods */ = {
			isa = PBXGroup;
			children = (
				9AD71F205E75E6151EAC5C32 /* Pods-StripeExample.debug.xcconfig */,
				0A7B81C4BA6D08896275C639 /* Pods-StripeExample.release.xcconfig */,
			);
			path = Pods;
			sourceTree = "<group>";
		};
		403B207F2477AA200037466F /* Utilities */ = {
			isa = PBXGroup;
			children = (
				403B20802477AA200037466F /* UIButtonExtension.swift */,
				403B20812477AA200037466F /* UIColorExtension.swift */,
				403B20822477AA200037466F /* ARSLineProgress */,
				403B208D2477AA200037466F /* UIViewControllerExtension.swift */,
				403B208E2477AA200037466F /* BundleExtension.swift */,
				403B208F2477AA200037466F /* UIViewExtension.swift */,
				403B20902477AA200037466F /* ENVManager.swift */,
				403B20912477AA200037466F /* Defaults.swift */,
			);
			path = Utilities;
			sourceTree = "<group>";
		};
		403B20822477AA200037466F /* ARSLineProgress */ = {
			isa = PBXGroup;
			children = (
				403B20832477AA200037466F /* ARSLineProgressHelpers.swift */,
				403B20842477AA200037466F /* ARSLineProgressTypeAliases.swift */,
				403B20852477AA200037466F /* ARSInfiniteLoader.swift */,
				403B20862477AA200037466F /* ARSLineProgressConstants.swift */,
				403B20872477AA200037466F /* ARSLineProgress.swift */,
				403B20882477AA200037466F /* ARSLineProgressExtensions.swift */,
				403B20892477AA200037466F /* ARSLineProgressCustomization.swift */,
				403B208A2477AA200037466F /* ARSStatus.swift */,
				403B208B2477AA200037466F /* ARSProgressLoader.swift */,
				403B208C2477AA200037466F /* ARSLineProgressProtocols.swift */,
			);
			path = ARSLineProgress;
			sourceTree = "<group>";
		};
		403B20A32477AA600037466F /* Controllers */ = {
			isa = PBXGroup;
			children = (
				403356D42477A46800CE8BE8 /* LoginViewController.swift */,
				403356D62477A47200CE8BE8 /* RegisterViewController.swift */,
				403356D82477A47900CE8BE8 /* HomeViewController.swift */,
			);
			path = Controllers;
			sourceTree = "<group>";
		};
		403B20A42477AA6E0037466F /* API */ = {
			isa = PBXGroup;
			children = (
				40F6DB20247724FD004C8A1E /* API.swift */,
				403356DA2477A9A900CE8BE8 /* CoreAPI.swift */,
			);
			path = API;
			sourceTree = "<group>";
		};
		403B20A52477AA7D0037466F /* App */ = {
			isa = PBXGroup;
			children = (
				4044811F24771FE600225603 /* AppDelegate.swift */,
				4044812124771FE600225603 /* SceneDelegate.swift */,
			);
			path = App;
			sourceTree = "<group>";
		};
		403B20A62477AABE0037466F /* Models */ = {
			isa = PBXGroup;
			children = (
				403B20A72477AACB0037466F /* AuthModel.swift */,
			);
			path = Models;
			sourceTree = "<group>";
		};
		4044811324771FE600225603 = {
			isa = PBXGroup;
			children = (
				4044811E24771FE600225603 /* StripeExample */,
				4044813524771FE800225603 /* StripeExampleTests */,
				4044814024771FE800225603 /* StripeExampleUITests */,
				4044811D24771FE600225603 /* Products */,
				092B3C90EDD71FC0B9947A2B /* Pods */,
				7171EC3B0A753AA669731341 /* Frameworks */,
			);
			sourceTree = "<group>";
		};
		4044811D24771FE600225603 /* Products */ = {
			isa = PBXGroup;
			children = (
				4044811C24771FE600225603 /* StripeExample.app */,
				4044813224771FE800225603 /* StripeExampleTests.xctest */,
				4044813D24771FE800225603 /* StripeExampleUITests.xctest */,
			);
			name = Products;
			sourceTree = "<group>";
		};
		4044811E24771FE600225603 /* StripeExample */ = {
			isa = PBXGroup;
			children = (
				4044812524771FE600225603 /* Main.storyboard */,
				4044812824771FE800225603 /* Assets.xcassets */,
				4044812A24771FE800225603 /* LaunchScreen.storyboard */,
				4044812D24771FE800225603 /* Info.plist */,
				403B20A52477AA7D0037466F /* App */,
				403B20A42477AA6E0037466F /* API */,
				403B20A32477AA600037466F /* Controllers */,
				403B20A62477AABE0037466F /* Models */,
				403B207F2477AA200037466F /* Utilities */,
			);
			path = StripeExample;
			sourceTree = "<group>";
		};
		4044813524771FE800225603 /* StripeExampleTests */ = {
			isa = PBXGroup;
			children = (
				4044813624771FE800225603 /* StripeExampleTests.swift */,
				4044813824771FE800225603 /* Info.plist */,
			);
			path = StripeExampleTests;
			sourceTree = "<group>";
		};
		4044814024771FE800225603 /* StripeExampleUITests */ = {
			isa = PBXGroup;
			children = (
				4044814124771FE800225603 /* StripeExampleUITests.swift */,
				4044814324771FE800225603 /* Info.plist */,
			);
			path = StripeExampleUITests;
			sourceTree = "<group>";
		};
		7171EC3B0A753AA669731341 /* Frameworks */ = {
			isa = PBXGroup;
			children = (
				7F5953D84ACF8F3F870A7332 /* Pods_StripeExample.framework */,
			);
			name = Frameworks;
			sourceTree = "<group>";
		};
/* End PBXGroup section */

/* Begin PBXNativeTarget section */
		4044811B24771FE600225603 /* StripeExample */ = {
			isa = PBXNativeTarget;
			buildConfigurationList = 4044814624771FE800225603 /* Build configuration list for PBXNativeTarget "StripeExample" */;
			buildPhases = (
				38DE8F41A00CBE8958BE8CDE /* [CP] Check Pods Manifest.lock */,
				4044811824771FE600225603 /* Sources */,
				4044811924771FE600225603 /* Frameworks */,
				4044811A24771FE600225603 /* Resources */,
				05E02B94EB763A8C1F348CF9 /* [CP] Embed Pods Frameworks */,
			);
			buildRules = (
			);
			dependencies = (
			);
			name = StripeExample;
			productName = StripeExample;
			productReference = 4044811C24771FE600225603 /* StripeExample.app */;
			productType = "com.apple.product-type.application";
		};
		4044813124771FE800225603 /* StripeExampleTests */ = {
			isa = PBXNativeTarget;
			buildConfigurationList = 4044814924771FE800225603 /* Build configuration list for PBXNativeTarget "StripeExampleTests" */;
			buildPhases = (
				4044812E24771FE800225603 /* Sources */,
				4044812F24771FE800225603 /* Frameworks */,
				4044813024771FE800225603 /* Resources */,
			);
			buildRules = (
			);
			dependencies = (
				4044813424771FE800225603 /* PBXTargetDependency */,
			);
			name = StripeExampleTests;
			productName = StripeExampleTests;
			productReference = 4044813224771FE800225603 /* StripeExampleTests.xctest */;
			productType = "com.apple.product-type.bundle.unit-test";
		};
		4044813C24771FE800225603 /* StripeExampleUITests */ = {
			isa = PBXNativeTarget;
			buildConfigurationList = 4044814C24771FE800225603 /* Build configuration list for PBXNativeTarget "StripeExampleUITests" */;
			buildPhases = (
				4044813924771FE800225603 /* Sources */,
				4044813A24771FE800225603 /* Frameworks */,
				4044813B24771FE800225603 /* Resources */,
			);
			buildRules = (
			);
			dependencies = (
				4044813F24771FE800225603 /* PBXTargetDependency */,
			);
			name = StripeExampleUITests;
			productName = StripeExampleUITests;
			productReference = 4044813D24771FE800225603 /* StripeExampleUITests.xctest */;
			productType = "com.apple.product-type.bundle.ui-testing";
		};
/* End PBXNativeTarget section */

/* Begin PBXProject section */
		4044811424771FE600225603 /* Project object */ = {
			isa = PBXProject;
			attributes = {
				LastSwiftUpdateCheck = 1130;
				LastUpgradeCheck = 1130;
				ORGANIZATIONNAME = "GAM Dynamics";
				TargetAttributes = {
					4044811B24771FE600225603 = {
						CreatedOnToolsVersion = 11.3;
					};
					4044813124771FE800225603 = {
						CreatedOnToolsVersion = 11.3;
						TestTargetID = 4044811B24771FE600225603;
					};
					4044813C24771FE800225603 = {
						CreatedOnToolsVersion = 11.3;
						TestTargetID = 4044811B24771FE600225603;
					};
				};
			};
			buildConfigurationList = 4044811724771FE600225603 /* Build configuration list for PBXProject "StripeExample" */;
			compatibilityVersion = "Xcode 9.3";
			developmentRegion = en;
			hasScannedForEncodings = 0;
			knownRegions = (
				en,
				Base,
			);
			mainGroup = 4044811324771FE600225603;
			productRefGroup = 4044811D24771FE600225603 /* Products */;
			projectDirPath = "";
			projectRoot = "";
			targets = (
				4044811B24771FE600225603 /* StripeExample */,
				4044813124771FE800225603 /* StripeExampleTests */,
				4044813C24771FE800225603 /* StripeExampleUITests */,
			);
		};
/* End PBXProject section */

/* Begin PBXResourcesBuildPhase section */
		4044811A24771FE600225603 /* Resources */ = {
			isa = PBXResourcesBuildPhase;
			buildActionMask = 2147483647;
			files = (
				4044812C24771FE800225603 /* LaunchScreen.storyboard in Resources */,
				4044812924771FE800225603 /* Assets.xcassets in Resources */,
				4044812724771FE600225603 /* Main.storyboard in Resources */,
			);
			runOnlyForDeploymentPostprocessing = 0;
		};
		4044813024771FE800225603 /* Resources */ = {
			isa = PBXResourcesBuildPhase;
			buildActionMask = 2147483647;
			files = (
			);
			runOnlyForDeploymentPostprocessing = 0;
		};
		4044813B24771FE800225603 /* Resources */ = {
			isa = PBXResourcesBuildPhase;
			buildActionMask = 2147483647;
			files = (
			);
			runOnlyForDeploymentPostprocessing = 0;
		};
/* End PBXResourcesBuildPhase section */

/* Begin PBXShellScriptBuildPhase section */
		05E02B94EB763A8C1F348CF9 /* [CP] Embed Pods Frameworks */ = {
			isa = PBXShellScriptBuildPhase;
			buildActionMask = 2147483647;
			files = (
			);
			inputFileListPaths = (
				"${PODS_ROOT}/Target Support Files/Pods-StripeExample/Pods-StripeExample-frameworks-${CONFIGURATION}-input-files.xcfilelist",
			);
			name = "[CP] Embed Pods Frameworks";
			outputFileListPaths = (
				"${PODS_ROOT}/Target Support Files/Pods-StripeExample/Pods-StripeExample-frameworks-${CONFIGURATION}-output-files.xcfilelist",
			);
			runOnlyForDeploymentPostprocessing = 0;
			shellPath = /bin/sh;
			shellScript = "\"${PODS_ROOT}/Target Support Files/Pods-StripeExample/Pods-StripeExample-frameworks.sh\"\n";
			showEnvVarsInLog = 0;
		};
		38DE8F41A00CBE8958BE8CDE /* [CP] Check Pods Manifest.lock */ = {
			isa = PBXShellScriptBuildPhase;
			buildActionMask = 2147483647;
			files = (
			);
			inputFileListPaths = (
			);
			inputPaths = (
				"${PODS_PODFILE_DIR_PATH}/Podfile.lock",
				"${PODS_ROOT}/Manifest.lock",
			);
			name = "[CP] Check Pods Manifest.lock";
			outputFileListPaths = (
			);
			outputPaths = (
				"$(DERIVED_FILE_DIR)/Pods-StripeExample-checkManifestLockResult.txt",
			);
			runOnlyForDeploymentPostprocessing = 0;
			shellPath = /bin/sh;
			shellScript = "diff \"${PODS_PODFILE_DIR_PATH}/Podfile.lock\" \"${PODS_ROOT}/Manifest.lock\" > /dev/null\nif [ $? != 0 ] ; then\n    # print error to STDERR\n    echo \"error: The sandbox is not in sync with the Podfile.lock. Run 'pod install' or update your CocoaPods installation.\" >&2\n    exit 1\nfi\n# This output is used by Xcode 'outputs' to avoid re-running this script phase.\necho \"SUCCESS\" > \"${SCRIPT_OUTPUT_FILE_0}\"\n";
			showEnvVarsInLog = 0;
		};
/* End PBXShellScriptBuildPhase section */

/* Begin PBXSourcesBuildPhase section */
		4044811824771FE600225603 /* Sources */ = {
			isa = PBXSourcesBuildPhase;
			buildActionMask = 2147483647;
			files = (
				403356D52477A46800CE8BE8 /* LoginViewController.swift in Sources */,
				403B209D2477AA200037466F /* ARSLineProgressProtocols.swift in Sources */,
				403B20A02477AA200037466F /* UIViewExtension.swift in Sources */,
				403B20922477AA200037466F /* UIButtonExtension.swift in Sources */,
				403B20A82477AACB0037466F /* AuthModel.swift in Sources */,
				403356D72477A47200CE8BE8 /* RegisterViewController.swift in Sources */,
				4044812024771FE600225603 /* AppDelegate.swift in Sources */,
				403B209B2477AA200037466F /* ARSStatus.swift in Sources */,
				40F6DB21247724FD004C8A1E /* API.swift in Sources */,
				403B20982477AA200037466F /* ARSLineProgress.swift in Sources */,
				403B20A22477AA200037466F /* Defaults.swift in Sources */,
				403B20962477AA200037466F /* ARSInfiniteLoader.swift in Sources */,
				403B20942477AA200037466F /* ARSLineProgressHelpers.swift in Sources */,
				403B20952477AA200037466F /* ARSLineProgressTypeAliases.swift in Sources */,
				403B20992477AA200037466F /* ARSLineProgressExtensions.swift in Sources */,
				403B209E2477AA200037466F /* UIViewControllerExtension.swift in Sources */,
				403B20932477AA200037466F /* UIColorExtension.swift in Sources */,
				403B20972477AA200037466F /* ARSLineProgressConstants.swift in Sources */,
				403B20A12477AA200037466F /* ENVManager.swift in Sources */,
				403356DB2477A9A900CE8BE8 /* CoreAPI.swift in Sources */,
				403B209A2477AA200037466F /* ARSLineProgressCustomization.swift in Sources */,
				403B209F2477AA200037466F /* BundleExtension.swift in Sources */,
				4044812224771FE600225603 /* SceneDelegate.swift in Sources */,
				403B209C2477AA200037466F /* ARSProgressLoader.swift in Sources */,
				403356D92477A47900CE8BE8 /* HomeViewController.swift in Sources */,
			);
			runOnlyForDeploymentPostprocessing = 0;
		};
		4044812E24771FE800225603 /* Sources */ = {
			isa = PBXSourcesBuildPhase;
			buildActionMask = 2147483647;
			files = (
				4044813724771FE800225603 /* StripeExampleTests.swift in Sources */,
			);
			runOnlyForDeploymentPostprocessing = 0;
		};
		4044813924771FE800225603 /* Sources */ = {
			isa = PBXSourcesBuildPhase;
			buildActionMask = 2147483647;
			files = (
				4044814224771FE800225603 /* StripeExampleUITests.swift in Sources */,
			);
			runOnlyForDeploymentPostprocessing = 0;
		};
/* End PBXSourcesBuildPhase section */

/* Begin PBXTargetDependency section */
		4044813424771FE800225603 /* PBXTargetDependency */ = {
			isa = PBXTargetDependency;
			target = 4044811B24771FE600225603 /* StripeExample */;
			targetProxy = 4044813324771FE800225603 /* PBXContainerItemProxy */;
		};
		4044813F24771FE800225603 /* PBXTargetDependency */ = {
			isa = PBXTargetDependency;
			target = 4044811B24771FE600225603 /* StripeExample */;
			targetProxy = 4044813E24771FE800225603 /* PBXContainerItemProxy */;
		};
/* End PBXTargetDependency section */

/* Begin PBXVariantGroup section */
		4044812524771FE600225603 /* Main.storyboard */ = {
			isa = PBXVariantGroup;
			children = (
				4044812624771FE600225603 /* Base */,
			);
			name = Main.storyboard;
			sourceTree = "<group>";
		};
		4044812A24771FE800225603 /* LaunchScreen.storyboard */ = {
			isa = PBXVariantGroup;
			children = (
				4044812B24771FE800225603 /* Base */,
			);
			name = LaunchScreen.storyboard;
			sourceTree = "<group>";
		};
/* End PBXVariantGroup section */

/* Begin XCBuildConfiguration section */
		4044814424771FE800225603 /* Debug */ = {
			isa = XCBuildConfiguration;
			buildSettings = {
				ALWAYS_SEARCH_USER_PATHS = NO;
				CLANG_ANALYZER_NONNULL = YES;
				CLANG_ANALYZER_NUMBER_OBJECT_CONVERSION = YES_AGGRESSIVE;
				CLANG_CXX_LANGUAGE_STANDARD = "gnu++14";
				CLANG_CXX_LIBRARY = "libc++";
				CLANG_ENABLE_MODULES = YES;
				CLANG_ENABLE_OBJC_ARC = YES;
				CLANG_ENABLE_OBJC_WEAK = YES;
				CLANG_WARN_BLOCK_CAPTURE_AUTORELEASING = YES;
				CLANG_WARN_BOOL_CONVERSION = YES;
				CLANG_WARN_COMMA = YES;
				CLANG_WARN_CONSTANT_CONVERSION = YES;
				CLANG_WARN_DEPRECATED_OBJC_IMPLEMENTATIONS = YES;
				CLANG_WARN_DIRECT_OBJC_ISA_USAGE = YES_ERROR;
				CLANG_WARN_DOCUMENTATION_COMMENTS = YES;
				CLANG_WARN_EMPTY_BODY = YES;
				CLANG_WARN_ENUM_CONVERSION = YES;
				CLANG_WARN_INFINITE_RECURSION = YES;
				CLANG_WARN_INT_CONVERSION = YES;
				CLANG_WARN_NON_LITERAL_NULL_CONVERSION = YES;
				CLANG_WARN_OBJC_IMPLICIT_RETAIN_SELF = YES;
				CLANG_WARN_OBJC_LITERAL_CONVERSION = YES;
				CLANG_WARN_OBJC_ROOT_CLASS = YES_ERROR;
				CLANG_WARN_RANGE_LOOP_ANALYSIS = YES;
				CLANG_WARN_STRICT_PROTOTYPES = YES;
				CLANG_WARN_SUSPICIOUS_MOVE = YES;
				CLANG_WARN_UNGUARDED_AVAILABILITY = YES_AGGRESSIVE;
				CLANG_WARN_UNREACHABLE_CODE = YES;
				CLANG_WARN__DUPLICATE_METHOD_MATCH = YES;
				COPY_PHASE_STRIP = NO;
				DEBUG_INFORMATION_FORMAT = dwarf;
				ENABLE_STRICT_OBJC_MSGSEND = YES;
				ENABLE_TESTABILITY = YES;
				GCC_C_LANGUAGE_STANDARD = gnu11;
				GCC_DYNAMIC_NO_PIC = NO;
				GCC_NO_COMMON_BLOCKS = YES;
				GCC_OPTIMIZATION_LEVEL = 0;
				GCC_PREPROCESSOR_DEFINITIONS = (
					"DEBUG=1",
					"$(inherited)",
				);
				GCC_WARN_64_TO_32_BIT_CONVERSION = YES;
				GCC_WARN_ABOUT_RETURN_TYPE = YES_ERROR;
				GCC_WARN_UNDECLARED_SELECTOR = YES;
				GCC_WARN_UNINITIALIZED_AUTOS = YES_AGGRESSIVE;
				GCC_WARN_UNUSED_FUNCTION = YES;
				GCC_WARN_UNUSED_VARIABLE = YES;
				IPHONEOS_DEPLOYMENT_TARGET = 13.2;
				MTL_ENABLE_DEBUG_INFO = INCLUDE_SOURCE;
				MTL_FAST_MATH = YES;
				ONLY_ACTIVE_ARCH = YES;
				SDKROOT = iphoneos;
				SWIFT_ACTIVE_COMPILATION_CONDITIONS = DEBUG;
				SWIFT_OPTIMIZATION_LEVEL = "-Onone";
			};
			name = Debug;
		};
		4044814524771FE800225603 /* Release */ = {
			isa = XCBuildConfiguration;
			buildSettings = {
				ALWAYS_SEARCH_USER_PATHS = NO;
				CLANG_ANALYZER_NONNULL = YES;
				CLANG_ANALYZER_NUMBER_OBJECT_CONVERSION = YES_AGGRESSIVE;
				CLANG_CXX_LANGUAGE_STANDARD = "gnu++14";
				CLANG_CXX_LIBRARY = "libc++";
				CLANG_ENABLE_MODULES = YES;
				CLANG_ENABLE_OBJC_ARC = YES;
				CLANG_ENABLE_OBJC_WEAK = YES;
				CLANG_WARN_BLOCK_CAPTURE_AUTORELEASING = YES;
				CLANG_WARN_BOOL_CONVERSION = YES;
				CLANG_WARN_COMMA = YES;
				CLANG_WARN_CONSTANT_CONVERSION = YES;
				CLANG_WARN_DEPRECATED_OBJC_IMPLEMENTATIONS = YES;
				CLANG_WARN_DIRECT_OBJC_ISA_USAGE = YES_ERROR;
				CLANG_WARN_DOCUMENTATION_COMMENTS = YES;
				CLANG_WARN_EMPTY_BODY = YES;
				CLANG_WARN_ENUM_CONVERSION = YES;
				CLANG_WARN_INFINITE_RECURSION = YES;
				CLANG_WARN_INT_CONVERSION = YES;
				CLANG_WARN_NON_LITERAL_NULL_CONVERSION = YES;
				CLANG_WARN_OBJC_IMPLICIT_RETAIN_SELF = YES;
				CLANG_WARN_OBJC_LITERAL_CONVERSION = YES;
				CLANG_WARN_OBJC_ROOT_CLASS = YES_ERROR;
				CLANG_WARN_RANGE_LOOP_ANALYSIS = YES;
				CLANG_WARN_STRICT_PROTOTYPES = YES;
				CLANG_WARN_SUSPICIOUS_MOVE = YES;
				CLANG_WARN_UNGUARDED_AVAILABILITY = YES_AGGRESSIVE;
				CLANG_WARN_UNREACHABLE_CODE = YES;
				CLANG_WARN__DUPLICATE_METHOD_MATCH = YES;
				COPY_PHASE_STRIP = NO;
				DEBUG_INFORMATION_FORMAT = "dwarf-with-dsym";
				ENABLE_NS_ASSERTIONS = NO;
				ENABLE_STRICT_OBJC_MSGSEND = YES;
				GCC_C_LANGUAGE_STANDARD = gnu11;
				GCC_NO_COMMON_BLOCKS = YES;
				GCC_WARN_64_TO_32_BIT_CONVERSION = YES;
				GCC_WARN_ABOUT_RETURN_TYPE = YES_ERROR;
				GCC_WARN_UNDECLARED_SELECTOR = YES;
				GCC_WARN_UNINITIALIZED_AUTOS = YES_AGGRESSIVE;
				GCC_WARN_UNUSED_FUNCTION = YES;
				GCC_WARN_UNUSED_VARIABLE = YES;
				IPHONEOS_DEPLOYMENT_TARGET = 13.2;
				MTL_ENABLE_DEBUG_INFO = NO;
				MTL_FAST_MATH = YES;
				SDKROOT = iphoneos;
				SWIFT_COMPILATION_MODE = wholemodule;
				SWIFT_OPTIMIZATION_LEVEL = "-O";
				VALIDATE_PRODUCT = YES;
			};
			name = Release;
		};
		4044814724771FE800225603 /* Debug */ = {
			isa = XCBuildConfiguration;
			baseConfigurationReference = 9AD71F205E75E6151EAC5C32 /* Pods-StripeExample.debug.xcconfig */;
			buildSettings = {
				ASSETCATALOG_COMPILER_APPICON_NAME = AppIcon;
				CODE_SIGN_STYLE = Automatic;
				DEVELOPMENT_TEAM = C5AT64N5XL;
				INFOPLIST_FILE = StripeExample/Info.plist;
				LD_RUNPATH_SEARCH_PATHS = (
					"$(inherited)",
					"@executable_path/Frameworks",
				);
				PRODUCT_BUNDLE_IDENTIFIER = com.gamdynamics.StripeExample;
				PRODUCT_NAME = "$(TARGET_NAME)";
				SWIFT_VERSION = 5.0;
				TARGETED_DEVICE_FAMILY = "1,2";
			};
			name = Debug;
		};
		4044814824771FE800225603 /* Release */ = {
			isa = XCBuildConfiguration;
			baseConfigurationReference = 0A7B81C4BA6D08896275C639 /* Pods-StripeExample.release.xcconfig */;
			buildSettings = {
				ASSETCATALOG_COMPILER_APPICON_NAME = AppIcon;
				CODE_SIGN_STYLE = Automatic;
				DEVELOPMENT_TEAM = C5AT64N5XL;
				INFOPLIST_FILE = StripeExample/Info.plist;
				LD_RUNPATH_SEARCH_PATHS = (
					"$(inherited)",
					"@executable_path/Frameworks",
				);
				PRODUCT_BUNDLE_IDENTIFIER = com.gamdynamics.StripeExample;
				PRODUCT_NAME = "$(TARGET_NAME)";
				SWIFT_VERSION = 5.0;
				TARGETED_DEVICE_FAMILY = "1,2";
			};
			name = Release;
		};
		4044814A24771FE800225603 /* Debug */ = {
			isa = XCBuildConfiguration;
			buildSettings = {
				ALWAYS_EMBED_SWIFT_STANDARD_LIBRARIES = YES;
				BUNDLE_LOADER = "$(TEST_HOST)";
				CODE_SIGN_STYLE = Automatic;
				DEVELOPMENT_TEAM = C5AT64N5XL;
				INFOPLIST_FILE = StripeExampleTests/Info.plist;
				IPHONEOS_DEPLOYMENT_TARGET = 13.2;
				LD_RUNPATH_SEARCH_PATHS = (
					"$(inherited)",
					"@executable_path/Frameworks",
					"@loader_path/Frameworks",
				);
				PRODUCT_BUNDLE_IDENTIFIER = com.gamdynamics.StripeExampleTests;
				PRODUCT_NAME = "$(TARGET_NAME)";
				SWIFT_VERSION = 5.0;
				TARGETED_DEVICE_FAMILY = "1,2";
				TEST_HOST = "$(BUILT_PRODUCTS_DIR)/StripeExample.app/StripeExample";
			};
			name = Debug;
		};
		4044814B24771FE800225603 /* Release */ = {
			isa = XCBuildConfiguration;
			buildSettings = {
				ALWAYS_EMBED_SWIFT_STANDARD_LIBRARIES = YES;
				BUNDLE_LOADER = "$(TEST_HOST)";
				CODE_SIGN_STYLE = Automatic;
				DEVELOPMENT_TEAM = C5AT64N5XL;
				INFOPLIST_FILE = StripeExampleTests/Info.plist;
				IPHONEOS_DEPLOYMENT_TARGET = 13.2;
				LD_RUNPATH_SEARCH_PATHS = (
					"$(inherited)",
					"@executable_path/Frameworks",
					"@loader_path/Frameworks",
				);
				PRODUCT_BUNDLE_IDENTIFIER = com.gamdynamics.StripeExampleTests;
				PRODUCT_NAME = "$(TARGET_NAME)";
				SWIFT_VERSION = 5.0;
				TARGETED_DEVICE_FAMILY = "1,2";
				TEST_HOST = "$(BUILT_PRODUCTS_DIR)/StripeExample.app/StripeExample";
			};
			name = Release;
		};
		4044814D24771FE800225603 /* Debug */ = {
			isa = XCBuildConfiguration;
			buildSettings = {
				ALWAYS_EMBED_SWIFT_STANDARD_LIBRARIES = YES;
				CODE_SIGN_STYLE = Automatic;
				DEVELOPMENT_TEAM = C5AT64N5XL;
				INFOPLIST_FILE = StripeExampleUITests/Info.plist;
				LD_RUNPATH_SEARCH_PATHS = (
					"$(inherited)",
					"@executable_path/Frameworks",
					"@loader_path/Frameworks",
				);
				PRODUCT_BUNDLE_IDENTIFIER = com.gamdynamics.StripeExampleUITests;
				PRODUCT_NAME = "$(TARGET_NAME)";
				SWIFT_VERSION = 5.0;
				TARGETED_DEVICE_FAMILY = "1,2";
				TEST_TARGET_NAME = StripeExample;
			};
			name = Debug;
		};
		4044814E24771FE800225603 /* Release */ = {
			isa = XCBuildConfiguration;
			buildSettings = {
				ALWAYS_EMBED_SWIFT_STANDARD_LIBRARIES = YES;
				CODE_SIGN_STYLE = Automatic;
				DEVELOPMENT_TEAM = C5AT64N5XL;
				INFOPLIST_FILE = StripeExampleUITests/Info.plist;
				LD_RUNPATH_SEARCH_PATHS = (
					"$(inherited)",
					"@executable_path/Frameworks",
					"@loader_path/Frameworks",
				);
				PRODUCT_BUNDLE_IDENTIFIER = com.gamdynamics.StripeExampleUITests;
				PRODUCT_NAME = "$(TARGET_NAME)";
				SWIFT_VERSION = 5.0;
				TARGETED_DEVICE_FAMILY = "1,2";
				TEST_TARGET_NAME = StripeExample;
			};
			name = Release;
		};
/* End XCBuildConfiguration section */

/* Begin XCConfigurationList section */
		4044811724771FE600225603 /* Build configuration list for PBXProject "StripeExample" */ = {
			isa = XCConfigurationList;
			buildConfigurations = (
				4044814424771FE800225603 /* Debug */,
				4044814524771FE800225603 /* Release */,
			);
			defaultConfigurationIsVisible = 0;
			defaultConfigurationName = Release;
		};
		4044814624771FE800225603 /* Build configuration list for PBXNativeTarget "StripeExample" */ = {
			isa = XCConfigurationList;
			buildConfigurations = (
				4044814724771FE800225603 /* Debug */,
				4044814824771FE800225603 /* Release */,
			);
			defaultConfigurationIsVisible = 0;
			defaultConfigurationName = Release;
		};
		4044814924771FE800225603 /* Build configuration list for PBXNativeTarget "StripeExampleTests" */ = {
			isa = XCConfigurationList;
			buildConfigurations = (
				4044814A24771FE800225603 /* Debug */,
				4044814B24771FE800225603 /* Release */,
			);
			defaultConfigurationIsVisible = 0;
			defaultConfigurationName = Release;
		};
		4044814C24771FE800225603 /* Build configuration list for PBXNativeTarget "StripeExampleUITests" */ = {
			isa = XCConfigurationList;
			buildConfigurations = (
				4044814D24771FE800225603 /* Debug */,
				4044814E24771FE800225603 /* Release */,
			);
			defaultConfigurationIsVisible = 0;
			defaultConfigurationName = Release;
		};
/* End XCConfigurationList section */
	};
	rootObject = 4044811424771FE600225603 /* Project object */;
}
